
Microsoft Visual Studio Solution File, Format Version 12.00
# Visual Studio Version 17
VisualStudioVersion = 17.11.35303.130
MinimumVisualStudioVersion = 10.0.40219.1
Project("{FAE04EC0-301F-11D3-BF4B-00C04F79EFBC}") = "PosAPI", "PosAPI\PosAPI.csproj", "{D7EB51C8-B7AE-4C25-8D89-C7E349C05E85}"
EndProject
Project("{FAE04EC0-301F-11D3-BF4B-00C04F79EFBC}") = "PosClient", "PosClient\PosClient.csproj", "{9CC366BF-7D77-41AA-B599-46A534385816}"
EndProject
Project("{FAE04EC0-301F-11D3-BF4B-00C04F79EFBC}") = "PosShared", "PosShared\PosShared.csproj", "{94E40BC1-5374-416F-A4EC-F4600EB63F42}"
EndProject
Global
	GlobalSection(SolutionConfigurationPlatforms) = preSolution
		Debug|Any CPU = Debug|Any CPU
		Release|Any CPU = Release|Any CPU
	EndGlobalSection
	GlobalSection(ProjectConfigurationPlatforms) = postSolution
		{D7EB51C8-B7AE-4C25-8D89-C7E349C05E85}.Debug|Any CPU.ActiveCfg = Debug|Any CPU
		{D7EB51C8-B7AE-4C25-8D89-C7E349C05E85}.Debug|Any CPU.Build.0 = Debug|Any CPU
		{D7EB51C8-B7AE-4C25-8D89-C7E349C05E85}.Release|Any CPU.ActiveCfg = Release|Any CPU
		{D7EB51C8-B7AE-4C25-8D89-C7E349C05E85}.Release|Any CPU.Build.0 = Release|Any CPU
		{9CC366BF-7D77-41AA-B599-46A534385816}.Debug|Any CPU.ActiveCfg = Debug|Any CPU
		{9CC366BF-7D77-41AA-B599-46A534385816}.Debug|Any CPU.Build.0 = Debug|Any CPU
		{9CC366BF-7D77-41AA-B599-46A534385816}.Release|Any CPU.ActiveCfg = Release|Any CPU
		{9CC366BF-7D77-41AA-B599-46A534385816}.Release|Any CPU.Build.0 = Release|Any CPU
		{94E40BC1-5374-416F-A4EC-F4600EB63F42}.Debug|Any CPU.ActiveCfg = Debug|Any CPU
		{94E40BC1-5374-416F-A4EC-F4600EB63F42}.Debug|Any CPU.Build.0 = Debug|Any CPU
		{94E40BC1-5374-416F-A4EC-F4600EB63F42}.Release|Any CPU.ActiveCfg = Release|Any CPU
		{94E40BC1-5374-416F-A4EC-F4600EB63F42}.Release|Any CPU.Build.0 = Release|Any CPU
	EndGlobalSection
	GlobalSection(SolutionProperties) = preSolution
		HideSolutionNode = FALSE
	EndGlobalSection
	GlobalSection(ExtensibilityGlobals) = postSolution
		SolutionGuid = {C41B6159-04C4-4695-A29A-749769D44245}
	EndGlobalSection
EndGlobal
